{
  "requires": true,
  "lockfileVersion": 1,
  "dependencies": {
    "gijgo": {
      "version": "1.9.13",
      "resolved": "https://registry.npmjs.org/gijgo/-/gijgo-1.9.13.tgz",
      "integrity": "sha512-VxUzueysKaSRpjNM6jiMdoTJuUEWiPJNir5PCVKat6uA1R6vH7crKyFnR/Ey1k2r0i1yvYeJ3QKsPFkTB7aZxg==",
      "requires": {
        "jquery": "^3.2.1"
      }
    },
    "jquery": {
      "version": "3.6.0",
      "resolved": "https://registry.npmjs.org/jquery/-/jquery-3.6.0.tgz",
      "integrity": "sha512-JVzAR/AjBvVt2BmYhxRCSYysDsPcssdmTFnzyLEts9qNwmjmu4JTAMYubEfwVOSwpQ1I1sKKFcxhZCI2buerfw=="
    }
  }
}
